
Microsoft Visual Studio Solution File, Format Version 12.00
# Visual Studio 15
VisualStudioVersion = 15.0.27703.2000
MinimumVisualStudioVersion = 10.0.40219.1
Project("{FAE04EC0-301F-11D3-BF4B-00C04F79EFBC}") = "PremierProjetC", "PremierProjetC\PremierProjetC.csproj", "{BF1AA6AD-957F-4CAF-88B7-B2816A601F63}"
EndProject
Global
	GlobalSection(SolutionConfigurationPlatforms) = preSolution
		Debug|Any CPU = Debug|Any CPU
		Release|Any CPU = Release|Any CPU
	EndGlobalSection
	GlobalSection(ProjectConfigurationPlatforms) = postSolution
		{BF1AA6AD-957F-4CAF-88B7-B2816A601F63}.Debug|Any CPU.ActiveCfg = Debug|Any CPU
		{BF1AA6AD-957F-4CAF-88B7-B2816A601F63}.Debug|Any CPU.Build.0 = Debug|Any CPU
		{BF1AA6AD-957F-4CAF-88B7-B2816A601F63}.Release|Any CPU.ActiveCfg = Release|Any CPU
		{BF1AA6AD-957F-4CAF-88B7-B2816A601F63}.Release|Any CPU.Build.0 = Release|Any CPU
	EndGlobalSection
	GlobalSection(SolutionProperties) = preSolution
		HideSolutionNode = FALSE
	EndGlobalSection
	GlobalSection(ExtensibilityGlobals) = postSolution
		SolutionGuid = {C8C66F7D-926B-4591-8D6A-EE6E34EAFDFB}
	EndGlobalSection
EndGlobal
